// !$*UTF8*$!
{
	archiveVersion = 1;
	classes = {
	};
	objectVersion = 51;
	objects = {

/* Begin PBXBuildFile section */
		66FB3C286DBA4CFF8922E0A3 /* Pods_ChallengeMe.framework in Frameworks */ = {isa = PBXBuildFile; fileRef = 250782BC2A3A83EAB22113C0 /* Pods_ChallengeMe.framework */; };
		860629AE234E24BB005DA674 /* MapNavigationController.swift in Sources */ = {isa = PBXBuildFile; fileRef = 860629AD234E24BB005DA674 /* MapNavigationController.swift */; };
		865A7862234790FD00FEC8EA /* MainTabBarViewController.swift in Sources */ = {isa = PBXBuildFile; fileRef = 865A7861234790FD00FEC8EA /* MainTabBarViewController.swift */; };
		865A78652347ABAA00FEC8EA /* SavedChallenges.storyboard in Resources */ = {isa = PBXBuildFile; fileRef = 865A78632347ABAA00FEC8EA /* SavedChallenges.storyboard */; };
		86624BF8235624CE00D5F92B /* UIApplicationExtension.swift in Sources */ = {isa = PBXBuildFile; fileRef = 86624BF7235624CE00D5F92B /* UIApplicationExtension.swift */; };
		868D14132343B25800B7691B /* AppDelegate.swift in Sources */ = {isa = PBXBuildFile; fileRef = 868D14122343B25800B7691B /* AppDelegate.swift */; };
		868D14152343B25800B7691B /* SceneDelegate.swift in Sources */ = {isa = PBXBuildFile; fileRef = 868D14142343B25800B7691B /* SceneDelegate.swift */; };
		868D141A2343B25800B7691B /* Main.storyboard in Resources */ = {isa = PBXBuildFile; fileRef = 868D14182343B25800B7691B /* Main.storyboard */; };
		868D141D2343B25800B7691B /* ChallengeMe.xcdatamodeld in Sources */ = {isa = PBXBuildFile; fileRef = 868D141B2343B25800B7691B /* ChallengeMe.xcdatamodeld */; };
		868D141F2343B25800B7691B /* Assets.xcassets in Resources */ = {isa = PBXBuildFile; fileRef = 868D141E2343B25800B7691B /* Assets.xcassets */; };
		868D14222343B25800B7691B /* LaunchScreen.storyboard in Resources */ = {isa = PBXBuildFile; fileRef = 868D14202343B25800B7691B /* LaunchScreen.storyboard */; };
		868D142F2343B2F200B7691B /* User.swift in Sources */ = {isa = PBXBuildFile; fileRef = 868D142E2343B2F200B7691B /* User.swift */; };
		868D14312343B2FD00B7691B /* Challenge.swift in Sources */ = {isa = PBXBuildFile; fileRef = 868D14302343B2FD00B7691B /* Challenge.swift */; };
		868D14332343B31A00B7691B /* UserController.swift in Sources */ = {isa = PBXBuildFile; fileRef = 868D14322343B31A00B7691B /* UserController.swift */; };
		868D14352343B32500B7691B /* ChallengeController.swift in Sources */ = {isa = PBXBuildFile; fileRef = 868D14342343B32500B7691B /* ChallengeController.swift */; };
		868D14392343FF7700B7691B /* CloudKit.framework in Frameworks */ = {isa = PBXBuildFile; fileRef = 868D14382343FF7700B7691B /* CloudKit.framework */; };
		8699DB85234CE5F700CE3E27 /* SetupViewController.swift in Sources */ = {isa = PBXBuildFile; fileRef = 8699DB84234CE5F700CE3E27 /* SetupViewController.swift */; };
		8699DB88234CE97700CE3E27 /* TabBar.storyboard in Resources */ = {isa = PBXBuildFile; fileRef = 8699DB86234CE97700CE3E27 /* TabBar.storyboard */; };
		869AD69F234507B1003E2C42 /* MainMapViewController.swift in Sources */ = {isa = PBXBuildFile; fileRef = 869AD69E234507B1003E2C42 /* MainMapViewController.swift */; };
		869AD6A2234548ED003E2C42 /* Map.storyboard in Resources */ = {isa = PBXBuildFile; fileRef = 869AD6A0234548ED003E2C42 /* Map.storyboard */; };
		869AD6A423454917003E2C42 /* Profile.storyboard in Resources */ = {isa = PBXBuildFile; fileRef = 869AD6A323454917003E2C42 /* Profile.storyboard */; };
		869AD6A923454A46003E2C42 /* CreateChallenge.storyboard in Resources */ = {isa = PBXBuildFile; fileRef = 869AD6A823454A46003E2C42 /* CreateChallenge.storyboard */; };
		869AD6AB23454F3D003E2C42 /* CreateChallengeViewController.swift in Sources */ = {isa = PBXBuildFile; fileRef = 869AD6AA23454F3D003E2C42 /* CreateChallengeViewController.swift */; };
		869AD6AD23454F70003E2C42 /* ProfileViewController.swift in Sources */ = {isa = PBXBuildFile; fileRef = 869AD6AC23454F70003E2C42 /* ProfileViewController.swift */; };
		86D73FF023569177007C2035 /* ChallengeDetailMap.storyboard in Resources */ = {isa = PBXBuildFile; fileRef = 86D73FEF23569177007C2035 /* ChallengeDetailMap.storyboard */; };
		86D73FF2235742A9007C2035 /* ChallengeDetailMapViewController.swift in Sources */ = {isa = PBXBuildFile; fileRef = 86D73FF1235742A9007C2035 /* ChallengeDetailMapViewController.swift */; };
		86D73FF42357568E007C2035 /* NotificationNameKeys.swift in Sources */ = {isa = PBXBuildFile; fileRef = 86D73FF32357568E007C2035 /* NotificationNameKeys.swift */; };
		86E210E8234BAA14001AE931 /* SavedChallengesTableViewController.swift in Sources */ = {isa = PBXBuildFile; fileRef = 86E210E7234BAA14001AE931 /* SavedChallengesTableViewController.swift */; };
		86E210EB234BCE51001AE931 /* ChallengeDetail.storyboard in Resources */ = {isa = PBXBuildFile; fileRef = 86E210E9234BCE51001AE931 /* ChallengeDetail.storyboard */; };
		A5084220234E4E2600D5C4E9 /* CreatedChallengesTableViewCell.swift in Sources */ = {isa = PBXBuildFile; fileRef = A508421F234E4E2600D5C4E9 /* CreatedChallengesTableViewCell.swift */; };
		A5084222234E750500D5C4E9 /* SearchChallengesTableViewController.swift in Sources */ = {isa = PBXBuildFile; fileRef = A5084221234E750500D5C4E9 /* SearchChallengesTableViewController.swift */; };
		A5084224234E753000D5C4E9 /* SearchChallengesTableViewCell.swift in Sources */ = {isa = PBXBuildFile; fileRef = A5084223234E753000D5C4E9 /* SearchChallengesTableViewCell.swift */; };
		A54628EA2350F56800D04BFE /* Colors.xcassets in Resources */ = {isa = PBXBuildFile; fileRef = A54628E92350F56800D04BFE /* Colors.xcassets */; };
		A54628EC2350F6C800D04BFE /* StyleGuide.swift in Sources */ = {isa = PBXBuildFile; fileRef = A54628EB2350F6C800D04BFE /* StyleGuide.swift */; };
		A56CE8FD2354D88000192CE1 /* ActionButton.swift in Sources */ = {isa = PBXBuildFile; fileRef = A56CE8FC2354D88000192CE1 /* ActionButton.swift */; };
		A58BABF42350D96C00A0AF9D /* SettingsViewController.swift in Sources */ = {isa = PBXBuildFile; fileRef = A58BABF32350D96C00A0AF9D /* SettingsViewController.swift */; };
		A5CCA4712358D2EF00AED748 /* ChallengeLabel.swift in Sources */ = {isa = PBXBuildFile; fileRef = A5CCA4702358D2EF00AED748 /* ChallengeLabel.swift */; };
		A5CCA4732358E22900AED748 /* HighlightButton.swift in Sources */ = {isa = PBXBuildFile; fileRef = A5CCA4722358E22900AED748 /* HighlightButton.swift */; };
		A5EA586C234B88C500A243D9 /* CreateChallengeMapViewController.swift in Sources */ = {isa = PBXBuildFile; fileRef = A5EA586B234B88C500A243D9 /* CreateChallengeMapViewController.swift */; };
		A5F1F9EB234BE9D50015894B /* SavedChallengesTableViewCell.swift in Sources */ = {isa = PBXBuildFile; fileRef = A5F1F9EA234BE9D50015894B /* SavedChallengesTableViewCell.swift */; };
		A5FD520C234CF7E6006E171D /* ChallengeDetailViewController.swift in Sources */ = {isa = PBXBuildFile; fileRef = A5FD520B234CF7E6006E171D /* ChallengeDetailViewController.swift */; };
/* End PBXBuildFile section */

/* Begin PBXFileReference section */
		250782BC2A3A83EAB22113C0 /* Pods_ChallengeMe.framework */ = {isa = PBXFileReference; explicitFileType = wrapper.framework; includeInIndex = 0; path = Pods_ChallengeMe.framework; sourceTree = BUILT_PRODUCTS_DIR; };
		860629AD234E24BB005DA674 /* MapNavigationController.swift */ = {isa = PBXFileReference; lastKnownFileType = sourcecode.swift; path = MapNavigationController.swift; sourceTree = "<group>"; };
		865A7861234790FD00FEC8EA /* MainTabBarViewController.swift */ = {isa = PBXFileReference; lastKnownFileType = sourcecode.swift; path = MainTabBarViewController.swift; sourceTree = "<group>"; };
		865A78642347ABAA00FEC8EA /* Base */ = {isa = PBXFileReference; lastKnownFileType = file.storyboard; name = Base; path = ChallengeMe/Storyboards/Base.lproj/SavedChallenges.storyboard; sourceTree = "<group>"; };
		86624BF7235624CE00D5F92B /* UIApplicationExtension.swift */ = {isa = PBXFileReference; lastKnownFileType = sourcecode.swift; path = UIApplicationExtension.swift; sourceTree = "<group>"; };
		868D140F2343B25800B7691B /* ChallengeMe.app */ = {isa = PBXFileReference; explicitFileType = wrapper.application; includeInIndex = 0; path = ChallengeMe.app; sourceTree = BUILT_PRODUCTS_DIR; };
		868D14122343B25800B7691B /* AppDelegate.swift */ = {isa = PBXFileReference; lastKnownFileType = sourcecode.swift; path = AppDelegate.swift; sourceTree = "<group>"; };
		868D14142343B25800B7691B /* SceneDelegate.swift */ = {isa = PBXFileReference; lastKnownFileType = sourcecode.swift; path = SceneDelegate.swift; sourceTree = "<group>"; };
		868D14192343B25800B7691B /* Base */ = {isa = PBXFileReference; lastKnownFileType = file.storyboard; name = Base; path = Base.lproj/Main.storyboard; sourceTree = "<group>"; };
		868D141C2343B25800B7691B /* ChallengeMe.xcdatamodel */ = {isa = PBXFileReference; lastKnownFileType = wrapper.xcdatamodel; path = ChallengeMe.xcdatamodel; sourceTree = "<group>"; };
		868D141E2343B25800B7691B /* Assets.xcassets */ = {isa = PBXFileReference; lastKnownFileType = folder.assetcatalog; path = Assets.xcassets; sourceTree = "<group>"; };
		868D14212343B25800B7691B /* Base */ = {isa = PBXFileReference; lastKnownFileType = file.storyboard; name = Base; path = Base.lproj/LaunchScreen.storyboard; sourceTree = "<group>"; };
		868D14232343B25800B7691B /* Info.plist */ = {isa = PBXFileReference; lastKnownFileType = text.plist.xml; path = Info.plist; sourceTree = "<group>"; };
		868D142E2343B2F200B7691B /* User.swift */ = {isa = PBXFileReference; lastKnownFileType = sourcecode.swift; path = User.swift; sourceTree = "<group>"; };
		868D14302343B2FD00B7691B /* Challenge.swift */ = {isa = PBXFileReference; lastKnownFileType = sourcecode.swift; path = Challenge.swift; sourceTree = "<group>"; };
		868D14322343B31A00B7691B /* UserController.swift */ = {isa = PBXFileReference; lastKnownFileType = sourcecode.swift; path = UserController.swift; sourceTree = "<group>"; };
		868D14342343B32500B7691B /* ChallengeController.swift */ = {isa = PBXFileReference; lastKnownFileType = sourcecode.swift; path = ChallengeController.swift; sourceTree = "<group>"; };
		868D14362343FF7500B7691B /* ChallengeMe.entitlements */ = {isa = PBXFileReference; lastKnownFileType = text.plist.entitlements; path = ChallengeMe.entitlements; sourceTree = "<group>"; };
		868D14382343FF7700B7691B /* CloudKit.framework */ = {isa = PBXFileReference; lastKnownFileType = wrapper.framework; name = CloudKit.framework; path = System/Library/Frameworks/CloudKit.framework; sourceTree = SDKROOT; };
		8699DB84234CE5F700CE3E27 /* SetupViewController.swift */ = {isa = PBXFileReference; lastKnownFileType = sourcecode.swift; path = SetupViewController.swift; sourceTree = "<group>"; };
		8699DB87234CE97700CE3E27 /* Base */ = {isa = PBXFileReference; lastKnownFileType = file.storyboard; name = Base; path = ChallengeMe/Storyboards/Base.lproj/TabBar.storyboard; sourceTree = "<group>"; };
		869AD69E234507B1003E2C42 /* MainMapViewController.swift */ = {isa = PBXFileReference; lastKnownFileType = sourcecode.swift; path = MainMapViewController.swift; sourceTree = "<group>"; };
		869AD6A1234548ED003E2C42 /* Base */ = {isa = PBXFileReference; lastKnownFileType = file.storyboard; name = Base; path = ChallengeMe/Storyboards/Base.lproj/Map.storyboard; sourceTree = "<group>"; };
		869AD6A323454917003E2C42 /* Profile.storyboard */ = {isa = PBXFileReference; fileEncoding = 4; lastKnownFileType = file.storyboard; path = Profile.storyboard; sourceTree = "<group>"; };
		869AD6A823454A46003E2C42 /* CreateChallenge.storyboard */ = {isa = PBXFileReference; fileEncoding = 4; lastKnownFileType = file.storyboard; path = CreateChallenge.storyboard; sourceTree = "<group>"; };
		869AD6AA23454F3D003E2C42 /* CreateChallengeViewController.swift */ = {isa = PBXFileReference; lastKnownFileType = sourcecode.swift; path = CreateChallengeViewController.swift; sourceTree = "<group>"; };
		869AD6AC23454F70003E2C42 /* ProfileViewController.swift */ = {isa = PBXFileReference; lastKnownFileType = sourcecode.swift; path = ProfileViewController.swift; sourceTree = "<group>"; };
		86D73FEF23569177007C2035 /* ChallengeDetailMap.storyboard */ = {isa = PBXFileReference; lastKnownFileType = file.storyboard; path = ChallengeDetailMap.storyboard; sourceTree = "<group>"; };
		86D73FF1235742A9007C2035 /* ChallengeDetailMapViewController.swift */ = {isa = PBXFileReference; lastKnownFileType = sourcecode.swift; path = ChallengeDetailMapViewController.swift; sourceTree = "<group>"; };
		86D73FF32357568E007C2035 /* NotificationNameKeys.swift */ = {isa = PBXFileReference; lastKnownFileType = sourcecode.swift; path = NotificationNameKeys.swift; sourceTree = "<group>"; };
		86E210E7234BAA14001AE931 /* SavedChallengesTableViewController.swift */ = {isa = PBXFileReference; lastKnownFileType = sourcecode.swift; path = SavedChallengesTableViewController.swift; sourceTree = "<group>"; };
		86E210EA234BCE51001AE931 /* Base */ = {isa = PBXFileReference; lastKnownFileType = file.storyboard; name = Base; path = ChallengeMe/Storyboards/ChallengeMe/Storyboards/Base.lproj/ChallengeDetail.storyboard; sourceTree = "<group>"; };
		A508421F234E4E2600D5C4E9 /* CreatedChallengesTableViewCell.swift */ = {isa = PBXFileReference; lastKnownFileType = sourcecode.swift; path = CreatedChallengesTableViewCell.swift; sourceTree = "<group>"; };
		A5084221234E750500D5C4E9 /* SearchChallengesTableViewController.swift */ = {isa = PBXFileReference; lastKnownFileType = sourcecode.swift; path = SearchChallengesTableViewController.swift; sourceTree = "<group>"; };
		A5084223234E753000D5C4E9 /* SearchChallengesTableViewCell.swift */ = {isa = PBXFileReference; lastKnownFileType = sourcecode.swift; path = SearchChallengesTableViewCell.swift; sourceTree = "<group>"; };
		A54628E92350F56800D04BFE /* Colors.xcassets */ = {isa = PBXFileReference; lastKnownFileType = folder.assetcatalog; path = Colors.xcassets; sourceTree = "<group>"; };
		A54628EB2350F6C800D04BFE /* StyleGuide.swift */ = {isa = PBXFileReference; lastKnownFileType = sourcecode.swift; path = StyleGuide.swift; sourceTree = "<group>"; };
		A56CE8FC2354D88000192CE1 /* ActionButton.swift */ = {isa = PBXFileReference; lastKnownFileType = sourcecode.swift; path = ActionButton.swift; sourceTree = "<group>"; };
		A58BABF32350D96C00A0AF9D /* SettingsViewController.swift */ = {isa = PBXFileReference; lastKnownFileType = sourcecode.swift; path = SettingsViewController.swift; sourceTree = "<group>"; };
		A5CCA4702358D2EF00AED748 /* ChallengeLabel.swift */ = {isa = PBXFileReference; lastKnownFileType = sourcecode.swift; path = ChallengeLabel.swift; sourceTree = "<group>"; };
		A5CCA4722358E22900AED748 /* HighlightButton.swift */ = {isa = PBXFileReference; lastKnownFileType = sourcecode.swift; path = HighlightButton.swift; sourceTree = "<group>"; };
		A5EA586B234B88C500A243D9 /* CreateChallengeMapViewController.swift */ = {isa = PBXFileReference; lastKnownFileType = sourcecode.swift; path = CreateChallengeMapViewController.swift; sourceTree = "<group>"; };
		A5F1F9EA234BE9D50015894B /* SavedChallengesTableViewCell.swift */ = {isa = PBXFileReference; lastKnownFileType = sourcecode.swift; path = SavedChallengesTableViewCell.swift; sourceTree = "<group>"; };
		A5FD520B234CF7E6006E171D /* ChallengeDetailViewController.swift */ = {isa = PBXFileReference; lastKnownFileType = sourcecode.swift; path = ChallengeDetailViewController.swift; sourceTree = "<group>"; };
		CDDC683B3EA5C4246DEB63E2 /* Pods-ChallengeMe.release.xcconfig */ = {isa = PBXFileReference; includeInIndex = 1; lastKnownFileType = text.xcconfig; name = "Pods-ChallengeMe.release.xcconfig"; path = "Target Support Files/Pods-ChallengeMe/Pods-ChallengeMe.release.xcconfig"; sourceTree = "<group>"; };
		EFA526614FAFA27B3A2FB393 /* Pods-ChallengeMe.debug.xcconfig */ = {isa = PBXFileReference; includeInIndex = 1; lastKnownFileType = text.xcconfig; name = "Pods-ChallengeMe.debug.xcconfig"; path = "Target Support Files/Pods-ChallengeMe/Pods-ChallengeMe.debug.xcconfig"; sourceTree = "<group>"; };
/* End PBXFileReference section */

/* Begin PBXFrameworksBuildPhase section */
		868D140C2343B25800B7691B /* Frameworks */ = {
			isa = PBXFrameworksBuildPhase;
			buildActionMask = 2147483647;
			files = (
				868D14392343FF7700B7691B /* CloudKit.framework in Frameworks */,
				66FB3C286DBA4CFF8922E0A3 /* Pods_ChallengeMe.framework in Frameworks */,
			);
			runOnlyForDeploymentPostprocessing = 0;
		};
/* End PBXFrameworksBuildPhase section */

/* Begin PBXGroup section */
		8610FE94234B8D5900AB009D /* Helper */ = {
			isa = PBXGroup;
			children = (
				86D73FF32357568E007C2035 /* NotificationNameKeys.swift */,
			);
			path = Helper;
			sourceTree = "<group>";
		};
		865A7860234790B900FEC8EA /* Navigation View Controllers */ = {
			isa = PBXGroup;
			children = (
				865A7861234790FD00FEC8EA /* MainTabBarViewController.swift */,
				860629AD234E24BB005DA674 /* MapNavigationController.swift */,
			);
			path = "Navigation View Controllers";
			sourceTree = "<group>";
		};
		86624BF6235624A900D5F92B /* Extensions */ = {
			isa = PBXGroup;
			children = (
				86624BF7235624CE00D5F92B /* UIApplicationExtension.swift */,
			);
			path = Extensions;
			sourceTree = "<group>";
		};
		8682275E2358A0A900E2041D /* Challenge Detail */ = {
			isa = PBXGroup;
			children = (
				A5FD520B234CF7E6006E171D /* ChallengeDetailViewController.swift */,
				86D73FF1235742A9007C2035 /* ChallengeDetailMapViewController.swift */,
			);
			path = "Challenge Detail";
			sourceTree = "<group>";
		};
		8682275F2358A0E100E2041D /* Search Challenges */ = {
			isa = PBXGroup;
			children = (
				A5084221234E750500D5C4E9 /* SearchChallengesTableViewController.swift */,
				A5084223234E753000D5C4E9 /* SearchChallengesTableViewCell.swift */,
			);
			path = "Search Challenges";
			sourceTree = "<group>";
		};
		868227602358A10300E2041D /* Create Challenge */ = {
			isa = PBXGroup;
			children = (
				869AD6AA23454F3D003E2C42 /* CreateChallengeViewController.swift */,
				A5EA586B234B88C500A243D9 /* CreateChallengeMapViewController.swift */,
			);
			path = "Create Challenge";
			sourceTree = "<group>";
		};
		868227612358A12400E2041D /* Saved Challenges */ = {
			isa = PBXGroup;
			children = (
				A5F1F9EA234BE9D50015894B /* SavedChallengesTableViewCell.swift */,
				86E210E7234BAA14001AE931 /* SavedChallengesTableViewController.swift */,
			);
			path = "Saved Challenges";
			sourceTree = "<group>";
		};
		868227622358A13D00E2041D /* Profile */ = {
			isa = PBXGroup;
			children = (
				869AD6AC23454F70003E2C42 /* ProfileViewController.swift */,
				A508421F234E4E2600D5C4E9 /* CreatedChallengesTableViewCell.swift */,
				A58BABF32350D96C00A0AF9D /* SettingsViewController.swift */,
			);
			path = Profile;
			sourceTree = "<group>";
		};
		868227632358A32000E2041D /* Challenge Detail */ = {
			isa = PBXGroup;
			children = (
				86E210E9234BCE51001AE931 /* ChallengeDetail.storyboard */,
				86D73FEF23569177007C2035 /* ChallengeDetailMap.storyboard */,
			);
			path = "Challenge Detail";
			sourceTree = "<group>";
		};
		868D14062343B25800B7691B = {
			isa = PBXGroup;
			children = (
				868D14112343B25800B7691B /* ChallengeMe */,
				868D14102343B25800B7691B /* Products */,
				868D14372343FF7700B7691B /* Frameworks */,
				CFF220CF2310FB8880B1CC16 /* Pods */,
			);
			sourceTree = "<group>";
		};
		868D14102343B25800B7691B /* Products */ = {
			isa = PBXGroup;
			children = (
				868D140F2343B25800B7691B /* ChallengeMe.app */,
			);
			name = Products;
			sourceTree = "<group>";
		};
		868D14112343B25800B7691B /* ChallengeMe */ = {
			isa = PBXGroup;
			children = (
				868D14362343FF7500B7691B /* ChallengeMe.entitlements */,
				868D142D2343B2D800B7691B /* Storyboards */,
				868D14292343B26200B7691B /* View Controllers */,
				868D142A2343B26900B7691B /* Models */,
				868D142B2343B27400B7691B /* Model Controllers */,
				A54628E82350F54100D04BFE /* Custom UI */,
				8610FE94234B8D5900AB009D /* Helper */,
				86624BF6235624A900D5F92B /* Extensions */,
				868D142C2343B28E00B7691B /* Resources */,
				868D141B2343B25800B7691B /* ChallengeMe.xcdatamodeld */,
			);
			path = ChallengeMe;
			sourceTree = "<group>";
		};
		868D14292343B26200B7691B /* View Controllers */ = {
			isa = PBXGroup;
			children = (
				865A7860234790B900FEC8EA /* Navigation View Controllers */,
				869AD69E234507B1003E2C42 /* MainMapViewController.swift */,
				8699DB84234CE5F700CE3E27 /* SetupViewController.swift */,
				868227602358A10300E2041D /* Create Challenge */,
				8682275F2358A0E100E2041D /* Search Challenges */,
				8682275E2358A0A900E2041D /* Challenge Detail */,
				868227622358A13D00E2041D /* Profile */,
				868227612358A12400E2041D /* Saved Challenges */,
			);
			path = "View Controllers";
			sourceTree = "<group>";
		};
		868D142A2343B26900B7691B /* Models */ = {
			isa = PBXGroup;
			children = (
				868D142E2343B2F200B7691B /* User.swift */,
				868D14302343B2FD00B7691B /* Challenge.swift */,
			);
			path = Models;
			sourceTree = "<group>";
		};
		868D142B2343B27400B7691B /* Model Controllers */ = {
			isa = PBXGroup;
			children = (
				868D14322343B31A00B7691B /* UserController.swift */,
				868D14342343B32500B7691B /* ChallengeController.swift */,
			);
			path = "Model Controllers";
			sourceTree = "<group>";
		};
		868D142C2343B28E00B7691B /* Resources */ = {
			isa = PBXGroup;
			children = (
				868D14142343B25800B7691B /* SceneDelegate.swift */,
				868D14122343B25800B7691B /* AppDelegate.swift */,
				868D141E2343B25800B7691B /* Assets.xcassets */,
				868D14232343B25800B7691B /* Info.plist */,
				A54628E92350F56800D04BFE /* Colors.xcassets */,
			);
			path = Resources;
			sourceTree = "<group>";
		};
		868D142D2343B2D800B7691B /* Storyboards */ = {
			isa = PBXGroup;
			children = (
				8699DB86234CE97700CE3E27 /* TabBar.storyboard */,
				869AD6A823454A46003E2C42 /* CreateChallenge.storyboard */,
				868227632358A32000E2041D /* Challenge Detail */,
				868D14182343B25800B7691B /* Main.storyboard */,
				869AD6A323454917003E2C42 /* Profile.storyboard */,
				869AD6A0234548ED003E2C42 /* Map.storyboard */,
				865A78632347ABAA00FEC8EA /* SavedChallenges.storyboard */,
				868D14202343B25800B7691B /* LaunchScreen.storyboard */,
			);
			path = Storyboards;
			sourceTree = "<group>";
		};
		868D14372343FF7700B7691B /* Frameworks */ = {
			isa = PBXGroup;
			children = (
				868D14382343FF7700B7691B /* CloudKit.framework */,
				250782BC2A3A83EAB22113C0 /* Pods_ChallengeMe.framework */,
			);
			name = Frameworks;
			sourceTree = "<group>";
		};
		A54628E82350F54100D04BFE /* Custom UI */ = {
			isa = PBXGroup;
			children = (
				A54628EB2350F6C800D04BFE /* StyleGuide.swift */,
				A56CE8FC2354D88000192CE1 /* ActionButton.swift */,
				A5CCA4722358E22900AED748 /* HighlightButton.swift */,
				A5CCA4702358D2EF00AED748 /* ChallengeLabel.swift */,
			);
			path = "Custom UI";
			sourceTree = "<group>";
		};
		CFF220CF2310FB8880B1CC16 /* Pods */ = {
			isa = PBXGroup;
			children = (
				EFA526614FAFA27B3A2FB393 /* Pods-ChallengeMe.debug.xcconfig */,
				CDDC683B3EA5C4246DEB63E2 /* Pods-ChallengeMe.release.xcconfig */,
			);
			path = Pods;
			sourceTree = "<group>";
		};
/* End PBXGroup section */

/* Begin PBXNativeTarget section */
		868D140E2343B25800B7691B /* ChallengeMe */ = {
			isa = PBXNativeTarget;
			buildConfigurationList = 868D14262343B25800B7691B /* Build configuration list for PBXNativeTarget "ChallengeMe" */;
			buildPhases = (
				107F683C555F062FE54753BC /* [CP] Check Pods Manifest.lock */,
				868D140B2343B25800B7691B /* Sources */,
				868D140C2343B25800B7691B /* Frameworks */,
				868D140D2343B25800B7691B /* Resources */,
				4A0B5DABFD0203618BA82456 /* [CP] Embed Pods Frameworks */,
			);
			buildRules = (
			);
			dependencies = (
			);
			name = ChallengeMe;
			productName = ChallengeMe;
			productReference = 868D140F2343B25800B7691B /* ChallengeMe.app */;
			productType = "com.apple.product-type.application";
		};
/* End PBXNativeTarget section */

/* Begin PBXProject section */
		868D14072343B25800B7691B /* Project object */ = {
			isa = PBXProject;
			attributes = {
				LastSwiftUpdateCheck = 1100;
				LastUpgradeCheck = 1100;
				ORGANIZATIONNAME = "Jax Tubbs";
				TargetAttributes = {
					868D140E2343B25800B7691B = {
						CreatedOnToolsVersion = 11.0;
					};
				};
			};
			buildConfigurationList = 868D140A2343B25800B7691B /* Build configuration list for PBXProject "ChallengeMe" */;
			compatibilityVersion = "Xcode 9.3";
			developmentRegion = en;
			hasScannedForEncodings = 0;
			knownRegions = (
				en,
				Base,
			);
			mainGroup = 868D14062343B25800B7691B;
			productRefGroup = 868D14102343B25800B7691B /* Products */;
			projectDirPath = "";
			projectRoot = "";
			targets = (
				868D140E2343B25800B7691B /* ChallengeMe */,
			);
		};
/* End PBXProject section */

/* Begin PBXResourcesBuildPhase section */
		868D140D2343B25800B7691B /* Resources */ = {
			isa = PBXResourcesBuildPhase;
			buildActionMask = 2147483647;
			files = (
				869AD6A923454A46003E2C42 /* CreateChallenge.storyboard in Resources */,
				868D14222343B25800B7691B /* LaunchScreen.storyboard in Resources */,
				869AD6A423454917003E2C42 /* Profile.storyboard in Resources */,
				8699DB88234CE97700CE3E27 /* TabBar.storyboard in Resources */,
				868D141F2343B25800B7691B /* Assets.xcassets in Resources */,
				865A78652347ABAA00FEC8EA /* SavedChallenges.storyboard in Resources */,
				86E210EB234BCE51001AE931 /* ChallengeDetail.storyboard in Resources */,
				868D141A2343B25800B7691B /* Main.storyboard in Resources */,
				A54628EA2350F56800D04BFE /* Colors.xcassets in Resources */,
				86D73FF023569177007C2035 /* ChallengeDetailMap.storyboard in Resources */,
				869AD6A2234548ED003E2C42 /* Map.storyboard in Resources */,
			);
			runOnlyForDeploymentPostprocessing = 0;
		};
/* End PBXResourcesBuildPhase section */

/* Begin PBXShellScriptBuildPhase section */
		107F683C555F062FE54753BC /* [CP] Check Pods Manifest.lock */ = {
			isa = PBXShellScriptBuildPhase;
			buildActionMask = 2147483647;
			files = (
			);
			inputFileListPaths = (
			);
			inputPaths = (
				"${PODS_PODFILE_DIR_PATH}/Podfile.lock",
				"${PODS_ROOT}/Manifest.lock",
			);
			name = "[CP] Check Pods Manifest.lock";
			outputFileListPaths = (
			);
			outputPaths = (
				"$(DERIVED_FILE_DIR)/Pods-ChallengeMe-checkManifestLockResult.txt",
			);
			runOnlyForDeploymentPostprocessing = 0;
			shellPath = /bin/sh;
			shellScript = "diff \"${PODS_PODFILE_DIR_PATH}/Podfile.lock\" \"${PODS_ROOT}/Manifest.lock\" > /dev/null\nif [ $? != 0 ] ; then\n    # print error to STDERR\n    echo \"error: The sandbox is not in sync with the Podfile.lock. Run 'pod install' or update your CocoaPods installation.\" >&2\n    exit 1\nfi\n# This output is used by Xcode 'outputs' to avoid re-running this script phase.\necho \"SUCCESS\" > \"${SCRIPT_OUTPUT_FILE_0}\"\n";
			showEnvVarsInLog = 0;
		};
		4A0B5DABFD0203618BA82456 /* [CP] Embed Pods Frameworks */ = {
			isa = PBXShellScriptBuildPhase;
			buildActionMask = 2147483647;
			files = (
			);
			inputFileListPaths = (
				"${PODS_ROOT}/Target Support Files/Pods-ChallengeMe/Pods-ChallengeMe-frameworks-${CONFIGURATION}-input-files.xcfilelist",
			);
			name = "[CP] Embed Pods Frameworks";
			outputFileListPaths = (
				"${PODS_ROOT}/Target Support Files/Pods-ChallengeMe/Pods-ChallengeMe-frameworks-${CONFIGURATION}-output-files.xcfilelist",
			);
			runOnlyForDeploymentPostprocessing = 0;
			shellPath = /bin/sh;
			shellScript = "\"${PODS_ROOT}/Target Support Files/Pods-ChallengeMe/Pods-ChallengeMe-frameworks.sh\"\n";
			showEnvVarsInLog = 0;
		};
/* End PBXShellScriptBuildPhase section */

/* Begin PBXSourcesBuildPhase section */
		868D140B2343B25800B7691B /* Sources */ = {
			isa = PBXSourcesBuildPhase;
			buildActionMask = 2147483647;
			files = (
				A5084224234E753000D5C4E9 /* SearchChallengesTableViewCell.swift in Sources */,
				869AD69F234507B1003E2C42 /* MainMapViewController.swift in Sources */,
				868D14352343B32500B7691B /* ChallengeController.swift in Sources */,
				86D73FF42357568E007C2035 /* NotificationNameKeys.swift in Sources */,
				868D14332343B31A00B7691B /* UserController.swift in Sources */,
				A5EA586C234B88C500A243D9 /* CreateChallengeMapViewController.swift in Sources */,
				A54628EC2350F6C800D04BFE /* StyleGuide.swift in Sources */,
				A5084222234E750500D5C4E9 /* SearchChallengesTableViewController.swift in Sources */,
				865A7862234790FD00FEC8EA /* MainTabBarViewController.swift in Sources */,
				868D142F2343B2F200B7691B /* User.swift in Sources */,
				869AD6AB23454F3D003E2C42 /* CreateChallengeViewController.swift in Sources */,
				868D141D2343B25800B7691B /* ChallengeMe.xcdatamodeld in Sources */,
				869AD6AD23454F70003E2C42 /* ProfileViewController.swift in Sources */,
				86624BF8235624CE00D5F92B /* UIApplicationExtension.swift in Sources */,
				A5F1F9EB234BE9D50015894B /* SavedChallengesTableViewCell.swift in Sources */,
				868D14132343B25800B7691B /* AppDelegate.swift in Sources */,
				A5FD520C234CF7E6006E171D /* ChallengeDetailViewController.swift in Sources */,
				8699DB85234CE5F700CE3E27 /* SetupViewController.swift in Sources */,
				A5084220234E4E2600D5C4E9 /* CreatedChallengesTableViewCell.swift in Sources */,
				868D14152343B25800B7691B /* SceneDelegate.swift in Sources */,
				86D73FF2235742A9007C2035 /* ChallengeDetailMapViewController.swift in Sources */,
				86E210E8234BAA14001AE931 /* SavedChallengesTableViewController.swift in Sources */,
				A58BABF42350D96C00A0AF9D /* SettingsViewController.swift in Sources */,
				868D14312343B2FD00B7691B /* Challenge.swift in Sources */,
				A5CCA4732358E22900AED748 /* HighlightButton.swift in Sources */,
				860629AE234E24BB005DA674 /* MapNavigationController.swift in Sources */,
				A56CE8FD2354D88000192CE1 /* ActionButton.swift in Sources */,
				A5CCA4712358D2EF00AED748 /* ChallengeLabel.swift in Sources */,
			);
			runOnlyForDeploymentPostprocessing = 0;
		};
/* End PBXSourcesBuildPhase section */

/* Begin PBXVariantGroup section */
		865A78632347ABAA00FEC8EA /* SavedChallenges.storyboard */ = {
			isa = PBXVariantGroup;
			children = (
				865A78642347ABAA00FEC8EA /* Base */,
			);
			name = SavedChallenges.storyboard;
			sourceTree = "<group>";
		};
		868D14182343B25800B7691B /* Main.storyboard */ = {
			isa = PBXVariantGroup;
			children = (
				868D14192343B25800B7691B /* Base */,
			);
			name = Main.storyboard;
			sourceTree = "<group>";
		};
		868D14202343B25800B7691B /* LaunchScreen.storyboard */ = {
			isa = PBXVariantGroup;
			children = (
				868D14212343B25800B7691B /* Base */,
			);
			name = LaunchScreen.storyboard;
			sourceTree = "<group>";
		};
		8699DB86234CE97700CE3E27 /* TabBar.storyboard */ = {
			isa = PBXVariantGroup;
			children = (
				8699DB87234CE97700CE3E27 /* Base */,
			);
			name = TabBar.storyboard;
			sourceTree = "<group>";
		};
		869AD6A0234548ED003E2C42 /* Map.storyboard */ = {
			isa = PBXVariantGroup;
			children = (
				869AD6A1234548ED003E2C42 /* Base */,
			);
			name = Map.storyboard;
			sourceTree = "<group>";
		};
		86E210E9234BCE51001AE931 /* ChallengeDetail.storyboard */ = {
			isa = PBXVariantGroup;
			children = (
				86E210EA234BCE51001AE931 /* Base */,
			);
			name = ChallengeDetail.storyboard;
			sourceTree = "<group>";
		};
/* End PBXVariantGroup section */

/* Begin XCBuildConfiguration section */
		868D14242343B25800B7691B /* Debug */ = {
			isa = XCBuildConfiguration;
			buildSettings = {
				ALWAYS_SEARCH_USER_PATHS = NO;
				CLANG_ANALYZER_NONNULL = YES;
				CLANG_ANALYZER_NUMBER_OBJECT_CONVERSION = YES_AGGRESSIVE;
				CLANG_CXX_LANGUAGE_STANDARD = "gnu++14";
				CLANG_CXX_LIBRARY = "libc++";
				CLANG_ENABLE_MODULES = YES;
				CLANG_ENABLE_OBJC_ARC = YES;
				CLANG_ENABLE_OBJC_WEAK = YES;
				CLANG_WARN_BLOCK_CAPTURE_AUTORELEASING = YES;
				CLANG_WARN_BOOL_CONVERSION = YES;
				CLANG_WARN_COMMA = YES;
				CLANG_WARN_CONSTANT_CONVERSION = YES;
				CLANG_WARN_DEPRECATED_OBJC_IMPLEMENTATIONS = YES;
				CLANG_WARN_DIRECT_OBJC_ISA_USAGE = YES_ERROR;
				CLANG_WARN_DOCUMENTATION_COMMENTS = YES;
				CLANG_WARN_EMPTY_BODY = YES;
				CLANG_WARN_ENUM_CONVERSION = YES;
				CLANG_WARN_INFINITE_RECURSION = YES;
				CLANG_WARN_INT_CONVERSION = YES;
				CLANG_WARN_NON_LITERAL_NULL_CONVERSION = YES;
				CLANG_WARN_OBJC_IMPLICIT_RETAIN_SELF = YES;
				CLANG_WARN_OBJC_LITERAL_CONVERSION = YES;
				CLANG_WARN_OBJC_ROOT_CLASS = YES_ERROR;
				CLANG_WARN_RANGE_LOOP_ANALYSIS = YES;
				CLANG_WARN_STRICT_PROTOTYPES = YES;
				CLANG_WARN_SUSPICIOUS_MOVE = YES;
				CLANG_WARN_UNGUARDED_AVAILABILITY = YES_AGGRESSIVE;
				CLANG_WARN_UNREACHABLE_CODE = YES;
				CLANG_WARN__DUPLICATE_METHOD_MATCH = YES;
				COPY_PHASE_STRIP = NO;
				DEBUG_INFORMATION_FORMAT = dwarf;
				ENABLE_STRICT_OBJC_MSGSEND = YES;
				ENABLE_TESTABILITY = YES;
				GCC_C_LANGUAGE_STANDARD = gnu11;
				GCC_DYNAMIC_NO_PIC = NO;
				GCC_NO_COMMON_BLOCKS = YES;
				GCC_OPTIMIZATION_LEVEL = 0;
				GCC_PREPROCESSOR_DEFINITIONS = (
					"DEBUG=1",
					"$(inherited)",
				);
				GCC_WARN_64_TO_32_BIT_CONVERSION = YES;
				GCC_WARN_ABOUT_RETURN_TYPE = YES_ERROR;
				GCC_WARN_UNDECLARED_SELECTOR = YES;
				GCC_WARN_UNINITIALIZED_AUTOS = YES_AGGRESSIVE;
				GCC_WARN_UNUSED_FUNCTION = YES;
				GCC_WARN_UNUSED_VARIABLE = YES;
				IPHONEOS_DEPLOYMENT_TARGET = 13.0;
				MTL_ENABLE_DEBUG_INFO = INCLUDE_SOURCE;
				MTL_FAST_MATH = YES;
				ONLY_ACTIVE_ARCH = YES;
				SDKROOT = iphoneos;
				SWIFT_ACTIVE_COMPILATION_CONDITIONS = DEBUG;
				SWIFT_OPTIMIZATION_LEVEL = "-Onone";
			};
			name = Debug;
		};
		868D14252343B25800B7691B /* Release */ = {
			isa = XCBuildConfiguration;
			buildSettings = {
				ALWAYS_SEARCH_USER_PATHS = NO;
				CLANG_ANALYZER_NONNULL = YES;
				CLANG_ANALYZER_NUMBER_OBJECT_CONVERSION = YES_AGGRESSIVE;
				CLANG_CXX_LANGUAGE_STANDARD = "gnu++14";
				CLANG_CXX_LIBRARY = "libc++";
				CLANG_ENABLE_MODULES = YES;
				CLANG_ENABLE_OBJC_ARC = YES;
				CLANG_ENABLE_OBJC_WEAK = YES;
				CLANG_WARN_BLOCK_CAPTURE_AUTORELEASING = YES;
				CLANG_WARN_BOOL_CONVERSION = YES;
				CLANG_WARN_COMMA = YES;
				CLANG_WARN_CONSTANT_CONVERSION = YES;
				CLANG_WARN_DEPRECATED_OBJC_IMPLEMENTATIONS = YES;
				CLANG_WARN_DIRECT_OBJC_ISA_USAGE = YES_ERROR;
				CLANG_WARN_DOCUMENTATION_COMMENTS = YES;
				CLANG_WARN_EMPTY_BODY = YES;
				CLANG_WARN_ENUM_CONVERSION = YES;
				CLANG_WARN_INFINITE_RECURSION = YES;
				CLANG_WARN_INT_CONVERSION = YES;
				CLANG_WARN_NON_LITERAL_NULL_CONVERSION = YES;
				CLANG_WARN_OBJC_IMPLICIT_RETAIN_SELF = YES;
				CLANG_WARN_OBJC_LITERAL_CONVERSION = YES;
				CLANG_WARN_OBJC_ROOT_CLASS = YES_ERROR;
				CLANG_WARN_RANGE_LOOP_ANALYSIS = YES;
				CLANG_WARN_STRICT_PROTOTYPES = YES;
				CLANG_WARN_SUSPICIOUS_MOVE = YES;
				CLANG_WARN_UNGUARDED_AVAILABILITY = YES_AGGRESSIVE;
				CLANG_WARN_UNREACHABLE_CODE = YES;
				CLANG_WARN__DUPLICATE_METHOD_MATCH = YES;
				COPY_PHASE_STRIP = NO;
				DEBUG_INFORMATION_FORMAT = "dwarf-with-dsym";
				ENABLE_NS_ASSERTIONS = NO;
				ENABLE_STRICT_OBJC_MSGSEND = YES;
				GCC_C_LANGUAGE_STANDARD = gnu11;
				GCC_NO_COMMON_BLOCKS = YES;
				GCC_WARN_64_TO_32_BIT_CONVERSION = YES;
				GCC_WARN_ABOUT_RETURN_TYPE = YES_ERROR;
				GCC_WARN_UNDECLARED_SELECTOR = YES;
				GCC_WARN_UNINITIALIZED_AUTOS = YES_AGGRESSIVE;
				GCC_WARN_UNUSED_FUNCTION = YES;
				GCC_WARN_UNUSED_VARIABLE = YES;
				IPHONEOS_DEPLOYMENT_TARGET = 13.0;
				MTL_ENABLE_DEBUG_INFO = NO;
				MTL_FAST_MATH = YES;
				SDKROOT = iphoneos;
				SWIFT_COMPILATION_MODE = wholemodule;
				SWIFT_OPTIMIZATION_LEVEL = "-O";
				VALIDATE_PRODUCT = YES;
			};
			name = Release;
		};
		868D14272343B25800B7691B /* Debug */ = {
			isa = XCBuildConfiguration;
			baseConfigurationReference = EFA526614FAFA27B3A2FB393 /* Pods-ChallengeMe.debug.xcconfig */;
			buildSettings = {
				ASSETCATALOG_COMPILER_APPICON_NAME = AppIcon;
				CODE_SIGN_ENTITLEMENTS = ChallengeMe/ChallengeMe.entitlements;
				CODE_SIGN_STYLE = Automatic;
				DEVELOPMENT_TEAM = 2WP5X762NJ;
				INFOPLIST_FILE = ChallengeMe/Resources/Info.plist;
				LD_RUNPATH_SEARCH_PATHS = (
					"$(inherited)",
					"@executable_path/Frameworks",
				);
				MARKETING_VERSION = 1.0.2;
				PRODUCT_BUNDLE_IDENTIFIER = Decknot.ChallengeMe;
				PRODUCT_NAME = "$(TARGET_NAME)";
				SWIFT_VERSION = 5.0;
				TARGETED_DEVICE_FAMILY = 1;
			};
			name = Debug;
		};
		868D14282343B25800B7691B /* Release */ = {
			isa = XCBuildConfiguration;
			baseConfigurationReference = CDDC683B3EA5C4246DEB63E2 /* Pods-ChallengeMe.release.xcconfig */;
			buildSettings = {
				ASSETCATALOG_COMPILER_APPICON_NAME = AppIcon;
				CODE_SIGN_ENTITLEMENTS = ChallengeMe/ChallengeMe.entitlements;
				CODE_SIGN_STYLE = Automatic;
				DEVELOPMENT_TEAM = 2WP5X762NJ;
				INFOPLIST_FILE = ChallengeMe/Resources/Info.plist;
				LD_RUNPATH_SEARCH_PATHS = (
					"$(inherited)",
					"@executable_path/Frameworks",
				);
				MARKETING_VERSION = 1.0.2;
				PRODUCT_BUNDLE_IDENTIFIER = Decknot.ChallengeMe;
				PRODUCT_NAME = "$(TARGET_NAME)";
				SWIFT_VERSION = 5.0;
				TARGETED_DEVICE_FAMILY = 1;
			};
			name = Release;
		};
/* End XCBuildConfiguration section */

/* Begin XCConfigurationList section */
		868D140A2343B25800B7691B /* Build configuration list for PBXProject "ChallengeMe" */ = {
			isa = XCConfigurationList;
			buildConfigurations = (
				868D14242343B25800B7691B /* Debug */,
				868D14252343B25800B7691B /* Release */,
			);
			defaultConfigurationIsVisible = 0;
			defaultConfigurationName = Release;
		};
		868D14262343B25800B7691B /* Build configuration list for PBXNativeTarget "ChallengeMe" */ = {
			isa = XCConfigurationList;
			buildConfigurations = (
				868D14272343B25800B7691B /* Debug */,
				868D14282343B25800B7691B /* Release */,
			);
			defaultConfigurationIsVisible = 0;
			defaultConfigurationName = Release;
		};
/* End XCConfigurationList section */

/* Begin XCVersionGroup section */
		868D141B2343B25800B7691B /* ChallengeMe.xcdatamodeld */ = {
			isa = XCVersionGroup;
			children = (
				868D141C2343B25800B7691B /* ChallengeMe.xcdatamodel */,
			);
			currentVersion = 868D141C2343B25800B7691B /* ChallengeMe.xcdatamodel */;
			path = ChallengeMe.xcdatamodeld;
			sourceTree = "<group>";
			versionGroupType = wrapper.xcdatamodel;
		};
/* End XCVersionGroup section */
	};
	rootObject = 868D14072343B25800B7691B /* Project object */;
}
